// !$*UTF8*$!
{
	archiveVersion = 1;
	classes = {
	};
	objectVersion = 51;
	objects = {

/* Begin PBXBuildFile section */
		2FB08489533CF0FFD2A1EC36 /* Pods_Coca_Cola_Can_Game.framework in Frameworks */ = {isa = PBXBuildFile; fileRef = 192D8945D415CC2C7F33327D /* Pods_Coca_Cola_Can_Game.framework */; };
		FA0911BE2473096500545259 /* LoginViewController.swift in Sources */ = {isa = PBXBuildFile; fileRef = FA0911B72473096300545259 /* LoginViewController.swift */; };
		FA0911BF2473096500545259 /* WelcomeViewController.swift in Sources */ = {isa = PBXBuildFile; fileRef = FA0911B82473096300545259 /* WelcomeViewController.swift */; };
		FA0911C02473096500545259 /* ProfileViewController.swift in Sources */ = {isa = PBXBuildFile; fileRef = FA0911B92473096300545259 /* ProfileViewController.swift */; };
		FA0911C12473096500545259 /* SignUpViewController.swift in Sources */ = {isa = PBXBuildFile; fileRef = FA0911BA2473096400545259 /* SignUpViewController.swift */; };
		FA0911C22473096500545259 /* ResetPasswordViewController.swift in Sources */ = {isa = PBXBuildFile; fileRef = FA0911BB2473096400545259 /* ResetPasswordViewController.swift */; };
		FA0911C32473096500545259 /* CacheManager.swift in Sources */ = {isa = PBXBuildFile; fileRef = FA0911BC2473096400545259 /* CacheManager.swift */; };
		FA0911C42473096500545259 /* PostService.swift in Sources */ = {isa = PBXBuildFile; fileRef = FA0911BD2473096500545259 /* PostService.swift */; };
		FA0911C82473247200545259 /* PhotoCard.swift in Sources */ = {isa = PBXBuildFile; fileRef = FA0911C72473247200545259 /* PhotoCard.swift */; };
		FA0911CB247325DC00545259 /* UIImage+Scale.swift in Sources */ = {isa = PBXBuildFile; fileRef = FA0911CA247325DC00545259 /* UIImage+Scale.swift */; };
		FA0911CF247329F900545259 /* GoogleService-Info.plist in Resources */ = {isa = PBXBuildFile; fileRef = FA0911CE247329F900545259 /* GoogleService-Info.plist */; };
		FA0911D12474310300545259 /* SendPhotoTableViewController.swift in Sources */ = {isa = PBXBuildFile; fileRef = FA0911D02474310300545259 /* SendPhotoTableViewController.swift */; };
		FA0911D42474350D00545259 /* UserPhotoCollectionViewCell.swift in Sources */ = {isa = PBXBuildFile; fileRef = FA0911D32474350D00545259 /* UserPhotoCollectionViewCell.swift */; };
		FA53C14C2473008F003B1DC7 /* Constants.swift in Sources */ = {isa = PBXBuildFile; fileRef = FA53C14B2473008F003B1DC7 /* Constants.swift */; };
		FAC89C2224175957000EA7C4 /* AppDelegate.swift in Sources */ = {isa = PBXBuildFile; fileRef = FAC89C2124175957000EA7C4 /* AppDelegate.swift */; };
		FAC89C2424175957000EA7C4 /* art.scnassets in Resources */ = {isa = PBXBuildFile; fileRef = FAC89C2324175957000EA7C4 /* art.scnassets */; };
		FAC89C2624175957000EA7C4 /* ViewController.swift in Sources */ = {isa = PBXBuildFile; fileRef = FAC89C2524175957000EA7C4 /* ViewController.swift */; };
		FAC89C2924175957000EA7C4 /* Main.storyboard in Resources */ = {isa = PBXBuildFile; fileRef = FAC89C2724175957000EA7C4 /* Main.storyboard */; };
		FAC89C2B2417595B000EA7C4 /* Assets.xcassets in Resources */ = {isa = PBXBuildFile; fileRef = FAC89C2A2417595B000EA7C4 /* Assets.xcassets */; };
		FAC89C2E2417595B000EA7C4 /* LaunchScreen.storyboard in Resources */ = {isa = PBXBuildFile; fileRef = FAC89C2C2417595B000EA7C4 /* LaunchScreen.storyboard */; };
		FAF8EFBA2461F689006C452E /* ColaPlace.swift in Sources */ = {isa = PBXBuildFile; fileRef = FAF8EFB62461F689006C452E /* ColaPlace.swift */; };
		FAF8EFBB2461F689006C452E /* MapViewController.swift in Sources */ = {isa = PBXBuildFile; fileRef = FAF8EFB72461F689006C452E /* MapViewController.swift */; };
/* End PBXBuildFile section */

/* Begin PBXFileReference section */
		192D8945D415CC2C7F33327D /* Pods_Coca_Cola_Can_Game.framework */ = {isa = PBXFileReference; explicitFileType = wrapper.framework; includeInIndex = 0; path = Pods_Coca_Cola_Can_Game.framework; sourceTree = BUILT_PRODUCTS_DIR; };
		A49A0F74D20547B2E36A9D7B /* Pods-Coca Cola Can Game.debug.xcconfig */ = {isa = PBXFileReference; includeInIndex = 1; lastKnownFileType = text.xcconfig; name = "Pods-Coca Cola Can Game.debug.xcconfig"; path = "Target Support Files/Pods-Coca Cola Can Game/Pods-Coca Cola Can Game.debug.xcconfig"; sourceTree = "<group>"; };
		B71D2D6787DAE7BA7D26DE28 /* Pods-Coca Cola Can Game.release.xcconfig */ = {isa = PBXFileReference; includeInIndex = 1; lastKnownFileType = text.xcconfig; name = "Pods-Coca Cola Can Game.release.xcconfig"; path = "Target Support Files/Pods-Coca Cola Can Game/Pods-Coca Cola Can Game.release.xcconfig"; sourceTree = "<group>"; };
		FA0911B72473096300545259 /* LoginViewController.swift */ = {isa = PBXFileReference; fileEncoding = 4; lastKnownFileType = sourcecode.swift; path = LoginViewController.swift; sourceTree = "<group>"; };
		FA0911B82473096300545259 /* WelcomeViewController.swift */ = {isa = PBXFileReference; fileEncoding = 4; lastKnownFileType = sourcecode.swift; path = WelcomeViewController.swift; sourceTree = "<group>"; };
		FA0911B92473096300545259 /* ProfileViewController.swift */ = {isa = PBXFileReference; fileEncoding = 4; lastKnownFileType = sourcecode.swift; path = ProfileViewController.swift; sourceTree = "<group>"; };
		FA0911BA2473096400545259 /* SignUpViewController.swift */ = {isa = PBXFileReference; fileEncoding = 4; lastKnownFileType = sourcecode.swift; path = SignUpViewController.swift; sourceTree = "<group>"; };
		FA0911BB2473096400545259 /* ResetPasswordViewController.swift */ = {isa = PBXFileReference; fileEncoding = 4; lastKnownFileType = sourcecode.swift; path = ResetPasswordViewController.swift; sourceTree = "<group>"; };
		FA0911BC2473096400545259 /* CacheManager.swift */ = {isa = PBXFileReference; fileEncoding = 4; lastKnownFileType = sourcecode.swift; path = CacheManager.swift; sourceTree = "<group>"; };
		FA0911BD2473096500545259 /* PostService.swift */ = {isa = PBXFileReference; fileEncoding = 4; lastKnownFileType = sourcecode.swift; path = PostService.swift; sourceTree = "<group>"; };
		FA0911C72473247200545259 /* PhotoCard.swift */ = {isa = PBXFileReference; lastKnownFileType = sourcecode.swift; path = PhotoCard.swift; sourceTree = "<group>"; };
		FA0911CA247325DC00545259 /* UIImage+Scale.swift */ = {isa = PBXFileReference; fileEncoding = 4; lastKnownFileType = sourcecode.swift; path = "UIImage+Scale.swift"; sourceTree = "<group>"; };
		FA0911CE247329F900545259 /* GoogleService-Info.plist */ = {isa = PBXFileReference; fileEncoding = 4; lastKnownFileType = text.plist.xml; path = "GoogleService-Info.plist"; sourceTree = "<group>"; };
		FA0911D02474310300545259 /* SendPhotoTableViewController.swift */ = {isa = PBXFileReference; lastKnownFileType = sourcecode.swift; path = SendPhotoTableViewController.swift; sourceTree = "<group>"; };
		FA0911D32474350D00545259 /* UserPhotoCollectionViewCell.swift */ = {isa = PBXFileReference; lastKnownFileType = sourcecode.swift; path = UserPhotoCollectionViewCell.swift; sourceTree = "<group>"; };
		FA53C14B2473008F003B1DC7 /* Constants.swift */ = {isa = PBXFileReference; lastKnownFileType = sourcecode.swift; path = Constants.swift; sourceTree = "<group>"; };
		FAC89C1E24175957000EA7C4 /* Coca-Cola Can Game.app */ = {isa = PBXFileReference; explicitFileType = wrapper.application; includeInIndex = 0; path = "Coca-Cola Can Game.app"; sourceTree = BUILT_PRODUCTS_DIR; };
		FAC89C2124175957000EA7C4 /* AppDelegate.swift */ = {isa = PBXFileReference; lastKnownFileType = sourcecode.swift; path = AppDelegate.swift; sourceTree = "<group>"; };
		FAC89C2324175957000EA7C4 /* art.scnassets */ = {isa = PBXFileReference; lastKnownFileType = wrapper.scnassets; path = art.scnassets; sourceTree = "<group>"; };
		FAC89C2524175957000EA7C4 /* ViewController.swift */ = {isa = PBXFileReference; lastKnownFileType = sourcecode.swift; path = ViewController.swift; sourceTree = "<group>"; };
		FAC89C2824175957000EA7C4 /* Base */ = {isa = PBXFileReference; lastKnownFileType = file.storyboard; name = Base; path = Base.lproj/Main.storyboard; sourceTree = "<group>"; };
		FAC89C2A2417595B000EA7C4 /* Assets.xcassets */ = {isa = PBXFileReference; lastKnownFileType = folder.assetcatalog; path = Assets.xcassets; sourceTree = "<group>"; };
		FAC89C2D2417595B000EA7C4 /* Base */ = {isa = PBXFileReference; lastKnownFileType = file.storyboard; name = Base; path = Base.lproj/LaunchScreen.storyboard; sourceTree = "<group>"; };
		FAC89C2F2417595B000EA7C4 /* Info.plist */ = {isa = PBXFileReference; lastKnownFileType = text.plist.xml; path = Info.plist; sourceTree = "<group>"; };
		FAF8EFB62461F689006C452E /* ColaPlace.swift */ = {isa = PBXFileReference; fileEncoding = 4; lastKnownFileType = sourcecode.swift; path = ColaPlace.swift; sourceTree = "<group>"; };
		FAF8EFB72461F689006C452E /* MapViewController.swift */ = {isa = PBXFileReference; fileEncoding = 4; lastKnownFileType = sourcecode.swift; path = MapViewController.swift; sourceTree = "<group>"; };
/* End PBXFileReference section */

/* Begin PBXFrameworksBuildPhase section */
		FAC89C1B24175957000EA7C4 /* Frameworks */ = {
			isa = PBXFrameworksBuildPhase;
			buildActionMask = 2147483647;
			files = (
				2FB08489533CF0FFD2A1EC36 /* Pods_Coca_Cola_Can_Game.framework in Frameworks */,
			);
			runOnlyForDeploymentPostprocessing = 0;
		};
/* End PBXFrameworksBuildPhase section */

/* Begin PBXGroup section */
		BFFDB0E5DEEFB12CD23F2A88 /* Frameworks */ = {
			isa = PBXGroup;
			children = (
				192D8945D415CC2C7F33327D /* Pods_Coca_Cola_Can_Game.framework */,
			);
			name = Frameworks;
			sourceTree = "<group>";
		};
		F1DF200CD2FDD034F32BD1D4 /* Pods */ = {
			isa = PBXGroup;
			children = (
				A49A0F74D20547B2E36A9D7B /* Pods-Coca Cola Can Game.debug.xcconfig */,
				B71D2D6787DAE7BA7D26DE28 /* Pods-Coca Cola Can Game.release.xcconfig */,
			);
			path = Pods;
			sourceTree = "<group>";
		};
		FA0911C62473097B00545259 /* Firebase */ = {
			isa = PBXGroup;
			children = (
				FA0911BC2473096400545259 /* CacheManager.swift */,
				FA0911B72473096300545259 /* LoginViewController.swift */,
				FA0911BD2473096500545259 /* PostService.swift */,
				FA0911B92473096300545259 /* ProfileViewController.swift */,
				FA0911BB2473096400545259 /* ResetPasswordViewController.swift */,
				FA0911BA2473096400545259 /* SignUpViewController.swift */,
				FA0911B82473096300545259 /* WelcomeViewController.swift */,
			);
			path = Firebase;
			sourceTree = "<group>";
		};
		FA0911C92473247900545259 /* Model */ = {
			isa = PBXGroup;
			children = (
				FAF8EFB62461F689006C452E /* ColaPlace.swift */,
				FA0911C72473247200545259 /* PhotoCard.swift */,
			);
			path = Model;
			sourceTree = "<group>";
		};
		FA0911CC2473261100545259 /* Utils */ = {
			isa = PBXGroup;
			children = (
				FA0911CA247325DC00545259 /* UIImage+Scale.swift */,
				FA53C14B2473008F003B1DC7 /* Constants.swift */,
			);
			path = Utils;
			sourceTree = "<group>";
		};
		FA0911CD2473262700545259 /* Controllers */ = {
			isa = PBXGroup;
			children = (
				FAC89C2524175957000EA7C4 /* ViewController.swift */,
				FAF8EFB72461F689006C452E /* MapViewController.swift */,
				FA0911D02474310300545259 /* SendPhotoTableViewController.swift */,
			);
			path = Controllers;
			sourceTree = "<group>";
		};
		FA0911D2247434DF00545259 /* Cells */ = {
			isa = PBXGroup;
			children = (
				FA0911D32474350D00545259 /* UserPhotoCollectionViewCell.swift */,
			);
			path = Cells;
			sourceTree = "<group>";
		};
		FAC89C1524175957000EA7C4 = {
			isa = PBXGroup;
			children = (
				FAC89C2024175957000EA7C4 /* Coca Cola Can Game */,
				FAC89C1F24175957000EA7C4 /* Products */,
				F1DF200CD2FDD034F32BD1D4 /* Pods */,
				BFFDB0E5DEEFB12CD23F2A88 /* Frameworks */,
			);
			sourceTree = "<group>";
		};
		FAC89C1F24175957000EA7C4 /* Products */ = {
			isa = PBXGroup;
			children = (
				FAC89C1E24175957000EA7C4 /* Coca-Cola Can Game.app */,
			);
			name = Products;
			sourceTree = "<group>";
		};
		FAC89C2024175957000EA7C4 /* Coca Cola Can Game */ = {
			isa = PBXGroup;
			children = (
				FAC89C2124175957000EA7C4 /* AppDelegate.swift */,
				FAC89C2324175957000EA7C4 /* art.scnassets */,
				FAC89C2724175957000EA7C4 /* Main.storyboard */,
				FAC89C2A2417595B000EA7C4 /* Assets.xcassets */,
				FAC89C2C2417595B000EA7C4 /* LaunchScreen.storyboard */,
				FAC89C2F2417595B000EA7C4 /* Info.plist */,
				FA0911CE247329F900545259 /* GoogleService-Info.plist */,
				FA0911CD2473262700545259 /* Controllers */,
				FA0911D2247434DF00545259 /* Cells */,
				FA0911CC2473261100545259 /* Utils */,
				FA0911C62473097B00545259 /* Firebase */,
				FA0911C92473247900545259 /* Model */,
			);
			path = "Coca Cola Can Game";
			sourceTree = "<group>";
		};
/* End PBXGroup section */

/* Begin PBXNativeTarget section */
		FAC89C1D24175957000EA7C4 /* Coca Cola Can Game */ = {
			isa = PBXNativeTarget;
			buildConfigurationList = FAC89C322417595B000EA7C4 /* Build configuration list for PBXNativeTarget "Coca Cola Can Game" */;
			buildPhases = (
				4B3DBC6412508268BA689FB8 /* [CP] Check Pods Manifest.lock */,
				FAC89C1A24175957000EA7C4 /* Sources */,
				FAC89C1B24175957000EA7C4 /* Frameworks */,
				FAC89C1C24175957000EA7C4 /* Resources */,
				BFB20C02FAA432AC2FDF8602 /* [CP] Embed Pods Frameworks */,
				16C3032B7C3D63F0BFBC3BF5 /* [CP] Copy Pods Resources */,
			);
			buildRules = (
			);
			dependencies = (
			);
			name = "Coca Cola Can Game";
			productName = "Coca Cola Can Game";
			productReference = FAC89C1E24175957000EA7C4 /* Coca-Cola Can Game.app */;
			productType = "com.apple.product-type.application";
		};
/* End PBXNativeTarget section */

/* Begin PBXProject section */
		FAC89C1624175957000EA7C4 /* Project object */ = {
			isa = PBXProject;
			attributes = {
				LastSwiftUpdateCheck = 1130;
				LastUpgradeCheck = 1130;
				ORGANIZATIONNAME = bolattleubayev;
				TargetAttributes = {
					FAC89C1D24175957000EA7C4 = {
						CreatedOnToolsVersion = 11.3.1;
					};
				};
			};
			buildConfigurationList = FAC89C1924175957000EA7C4 /* Build configuration list for PBXProject "Coca Cola Can Game" */;
			compatibilityVersion = "Xcode 9.3";
			developmentRegion = en;
			hasScannedForEncodings = 0;
			knownRegions = (
				en,
				Base,
			);
			mainGroup = FAC89C1524175957000EA7C4;
			productRefGroup = FAC89C1F24175957000EA7C4 /* Products */;
			projectDirPath = "";
			projectRoot = "";
			targets = (
				FAC89C1D24175957000EA7C4 /* Coca Cola Can Game */,
			);
		};
/* End PBXProject section */

/* Begin PBXResourcesBuildPhase section */
		FAC89C1C24175957000EA7C4 /* Resources */ = {
			isa = PBXResourcesBuildPhase;
			buildActionMask = 2147483647;
			files = (
				FAC89C2424175957000EA7C4 /* art.scnassets in Resources */,
				FAC89C2E2417595B000EA7C4 /* LaunchScreen.storyboard in Resources */,
				FA0911CF247329F900545259 /* GoogleService-Info.plist in Resources */,
				FAC89C2B2417595B000EA7C4 /* Assets.xcassets in Resources */,
				FAC89C2924175957000EA7C4 /* Main.storyboard in Resources */,
			);
			runOnlyForDeploymentPostprocessing = 0;
		};
/* End PBXResourcesBuildPhase section */

/* Begin PBXShellScriptBuildPhase section */
		16C3032B7C3D63F0BFBC3BF5 /* [CP] Copy Pods Resources */ = {
			isa = PBXShellScriptBuildPhase;
			buildActionMask = 2147483647;
			files = (
			);
			inputFileListPaths = (
				"${PODS_ROOT}/Target Support Files/Pods-Coca Cola Can Game/Pods-Coca Cola Can Game-resources-${CONFIGURATION}-input-files.xcfilelist",
			);
			name = "[CP] Copy Pods Resources";
			outputFileListPaths = (
				"${PODS_ROOT}/Target Support Files/Pods-Coca Cola Can Game/Pods-Coca Cola Can Game-resources-${CONFIGURATION}-output-files.xcfilelist",
			);
			runOnlyForDeploymentPostprocessing = 0;
			shellPath = /bin/sh;
			shellScript = "\"${PODS_ROOT}/Target Support Files/Pods-Coca Cola Can Game/Pods-Coca Cola Can Game-resources.sh\"\n";
			showEnvVarsInLog = 0;
		};
		4B3DBC6412508268BA689FB8 /* [CP] Check Pods Manifest.lock */ = {
			isa = PBXShellScriptBuildPhase;
			buildActionMask = 2147483647;
			files = (
			);
			inputFileListPaths = (
			);
			inputPaths = (
				"${PODS_PODFILE_DIR_PATH}/Podfile.lock",
				"${PODS_ROOT}/Manifest.lock",
			);
			name = "[CP] Check Pods Manifest.lock";
			outputFileListPaths = (
			);
			outputPaths = (
				"$(DERIVED_FILE_DIR)/Pods-Coca Cola Can Game-checkManifestLockResult.txt",
			);
			runOnlyForDeploymentPostprocessing = 0;
			shellPath = /bin/sh;
			shellScript = "diff \"${PODS_PODFILE_DIR_PATH}/Podfile.lock\" \"${PODS_ROOT}/Manifest.lock\" > /dev/null\nif [ $? != 0 ] ; then\n    # print error to STDERR\n    echo \"error: The sandbox is not in sync with the Podfile.lock. Run 'pod install' or update your CocoaPods installation.\" >&2\n    exit 1\nfi\n# This output is used by Xcode 'outputs' to avoid re-running this script phase.\necho \"SUCCESS\" > \"${SCRIPT_OUTPUT_FILE_0}\"\n";
			showEnvVarsInLog = 0;
		};
		BFB20C02FAA432AC2FDF8602 /* [CP] Embed Pods Frameworks */ = {
			isa = PBXShellScriptBuildPhase;
			buildActionMask = 2147483647;
			files = (
			);
			inputFileListPaths = (
				"${PODS_ROOT}/Target Support Files/Pods-Coca Cola Can Game/Pods-Coca Cola Can Game-frameworks-${CONFIGURATION}-input-files.xcfilelist",
			);
			name = "[CP] Embed Pods Frameworks";
			outputFileListPaths = (
				"${PODS_ROOT}/Target Support Files/Pods-Coca Cola Can Game/Pods-Coca Cola Can Game-frameworks-${CONFIGURATION}-output-files.xcfilelist",
			);
			runOnlyForDeploymentPostprocessing = 0;
			shellPath = /bin/sh;
			shellScript = "\"${PODS_ROOT}/Target Support Files/Pods-Coca Cola Can Game/Pods-Coca Cola Can Game-frameworks.sh\"\n";
			showEnvVarsInLog = 0;
		};
/* End PBXShellScriptBuildPhase section */

/* Begin PBXSourcesBuildPhase section */
		FAC89C1A24175957000EA7C4 /* Sources */ = {
			isa = PBXSourcesBuildPhase;
			buildActionMask = 2147483647;
			files = (
				FA0911BE2473096500545259 /* LoginViewController.swift in Sources */,
				FA53C14C2473008F003B1DC7 /* Constants.swift in Sources */,
				FAF8EFBA2461F689006C452E /* ColaPlace.swift in Sources */,
				FAF8EFBB2461F689006C452E /* MapViewController.swift in Sources */,
				FA0911D42474350D00545259 /* UserPhotoCollectionViewCell.swift in Sources */,
				FA0911CB247325DC00545259 /* UIImage+Scale.swift in Sources */,
				FAC89C2624175957000EA7C4 /* ViewController.swift in Sources */,
				FAC89C2224175957000EA7C4 /* AppDelegate.swift in Sources */,
				FA0911C32473096500545259 /* CacheManager.swift in Sources */,
				FA0911D12474310300545259 /* SendPhotoTableViewController.swift in Sources */,
				FA0911C42473096500545259 /* PostService.swift in Sources */,
				FA0911C82473247200545259 /* PhotoCard.swift in Sources */,
				FA0911C12473096500545259 /* SignUpViewController.swift in Sources */,
				FA0911C22473096500545259 /* ResetPasswordViewController.swift in Sources */,
				FA0911C02473096500545259 /* ProfileViewController.swift in Sources */,
				FA0911BF2473096500545259 /* WelcomeViewController.swift in Sources */,
			);
			runOnlyForDeploymentPostprocessing = 0;
		};
/* End PBXSourcesBuildPhase section */

/* Begin PBXVariantGroup section */
		FAC89C2724175957000EA7C4 /* Main.storyboard */ = {
			isa = PBXVariantGroup;
			children = (
				FAC89C2824175957000EA7C4 /* Base */,
			);
			name = Main.storyboard;
			sourceTree = "<group>";
		};
		FAC89C2C2417595B000EA7C4 /* LaunchScreen.storyboard */ = {
			isa = PBXVariantGroup;
			children = (
				FAC89C2D2417595B000EA7C4 /* Base */,
			);
			name = LaunchScreen.storyboard;
			sourceTree = "<group>";
		};
/* End PBXVariantGroup section */

/* Begin XCBuildConfiguration section */
		FAC89C302417595B000EA7C4 /* Debug */ = {
			isa = XCBuildConfiguration;
			buildSettings = {
				ALWAYS_SEARCH_USER_PATHS = NO;
				CLANG_ANALYZER_NONNULL = YES;
				CLANG_ANALYZER_NUMBER_OBJECT_CONVERSION = YES_AGGRESSIVE;
				CLANG_CXX_LANGUAGE_STANDARD = "gnu++14";
				CLANG_CXX_LIBRARY = "libc++";
				CLANG_ENABLE_MODULES = YES;
				CLANG_ENABLE_OBJC_ARC = YES;
				CLANG_ENABLE_OBJC_WEAK = YES;
				CLANG_WARN_BLOCK_CAPTURE_AUTORELEASING = YES;
				CLANG_WARN_BOOL_CONVERSION = YES;
				CLANG_WARN_COMMA = YES;
				CLANG_WARN_CONSTANT_CONVERSION = YES;
				CLANG_WARN_DEPRECATED_OBJC_IMPLEMENTATIONS = YES;
				CLANG_WARN_DIRECT_OBJC_ISA_USAGE = YES_ERROR;
				CLANG_WARN_DOCUMENTATION_COMMENTS = YES;
				CLANG_WARN_EMPTY_BODY = YES;
				CLANG_WARN_ENUM_CONVERSION = YES;
				CLANG_WARN_INFINITE_RECURSION = YES;
				CLANG_WARN_INT_CONVERSION = YES;
				CLANG_WARN_NON_LITERAL_NULL_CONVERSION = YES;
				CLANG_WARN_OBJC_IMPLICIT_RETAIN_SELF = YES;
				CLANG_WARN_OBJC_LITERAL_CONVERSION = YES;
				CLANG_WARN_OBJC_ROOT_CLASS = YES_ERROR;
				CLANG_WARN_RANGE_LOOP_ANALYSIS = YES;
				CLANG_WARN_STRICT_PROTOTYPES = YES;
				CLANG_WARN_SUSPICIOUS_MOVE = YES;
				CLANG_WARN_UNGUARDED_AVAILABILITY = YES_AGGRESSIVE;
				CLANG_WARN_UNREACHABLE_CODE = YES;
				CLANG_WARN__DUPLICATE_METHOD_MATCH = YES;
				COPY_PHASE_STRIP = NO;
				DEBUG_INFORMATION_FORMAT = dwarf;
				ENABLE_STRICT_OBJC_MSGSEND = YES;
				ENABLE_TESTABILITY = YES;
				GCC_C_LANGUAGE_STANDARD = gnu11;
				GCC_DYNAMIC_NO_PIC = NO;
				GCC_NO_COMMON_BLOCKS = YES;
				GCC_OPTIMIZATION_LEVEL = 0;
				GCC_PREPROCESSOR_DEFINITIONS = (
					"DEBUG=1",
					"$(inherited)",
				);
				GCC_WARN_64_TO_32_BIT_CONVERSION = YES;
				GCC_WARN_ABOUT_RETURN_TYPE = YES_ERROR;
				GCC_WARN_UNDECLARED_SELECTOR = YES;
				GCC_WARN_UNINITIALIZED_AUTOS = YES_AGGRESSIVE;
				GCC_WARN_UNUSED_FUNCTION = YES;
				GCC_WARN_UNUSED_VARIABLE = YES;
				IPHONEOS_DEPLOYMENT_TARGET = 13.2;
				MTL_ENABLE_DEBUG_INFO = INCLUDE_SOURCE;
				MTL_FAST_MATH = YES;
				ONLY_ACTIVE_ARCH = YES;
				SDKROOT = iphoneos;
				SWIFT_ACTIVE_COMPILATION_CONDITIONS = DEBUG;
				SWIFT_OPTIMIZATION_LEVEL = "-Onone";
			};
			name = Debug;
		};
		FAC89C312417595B000EA7C4 /* Release */ = {
			isa = XCBuildConfiguration;
			buildSettings = {
				ALWAYS_SEARCH_USER_PATHS = NO;
				CLANG_ANALYZER_NONNULL = YES;
				CLANG_ANALYZER_NUMBER_OBJECT_CONVERSION = YES_AGGRESSIVE;
				CLANG_CXX_LANGUAGE_STANDARD = "gnu++14";
				CLANG_CXX_LIBRARY = "libc++";
				CLANG_ENABLE_MODULES = YES;
				CLANG_ENABLE_OBJC_ARC = YES;
				CLANG_ENABLE_OBJC_WEAK = YES;
				CLANG_WARN_BLOCK_CAPTURE_AUTORELEASING = YES;
				CLANG_WARN_BOOL_CONVERSION = YES;
				CLANG_WARN_COMMA = YES;
				CLANG_WARN_CONSTANT_CONVERSION = YES;
				CLANG_WARN_DEPRECATED_OBJC_IMPLEMENTATIONS = YES;
				CLANG_WARN_DIRECT_OBJC_ISA_USAGE = YES_ERROR;
				CLANG_WARN_DOCUMENTATION_COMMENTS = YES;
				CLANG_WARN_EMPTY_BODY = YES;
				CLANG_WARN_ENUM_CONVERSION = YES;
				CLANG_WARN_INFINITE_RECURSION = YES;
				CLANG_WARN_INT_CONVERSION = YES;
				CLANG_WARN_NON_LITERAL_NULL_CONVERSION = YES;
				CLANG_WARN_OBJC_IMPLICIT_RETAIN_SELF = YES;
				CLANG_WARN_OBJC_LITERAL_CONVERSION = YES;
				CLANG_WARN_OBJC_ROOT_CLASS = YES_ERROR;
				CLANG_WARN_RANGE_LOOP_ANALYSIS = YES;
				CLANG_WARN_STRICT_PROTOTYPES = YES;
				CLANG_WARN_SUSPICIOUS_MOVE = YES;
				CLANG_WARN_UNGUARDED_AVAILABILITY = YES_AGGRESSIVE;
				CLANG_WARN_UNREACHABLE_CODE = YES;
				CLANG_WARN__DUPLICATE_METHOD_MATCH = YES;
				COPY_PHASE_STRIP = NO;
				DEBUG_INFORMATION_FORMAT = "dwarf-with-dsym";
				ENABLE_NS_ASSERTIONS = NO;
				ENABLE_STRICT_OBJC_MSGSEND = YES;
				GCC_C_LANGUAGE_STANDARD = gnu11;
				GCC_NO_COMMON_BLOCKS = YES;
				GCC_WARN_64_TO_32_BIT_CONVERSION = YES;
				GCC_WARN_ABOUT_RETURN_TYPE = YES_ERROR;
				GCC_WARN_UNDECLARED_SELECTOR = YES;
				GCC_WARN_UNINITIALIZED_AUTOS = YES_AGGRESSIVE;
				GCC_WARN_UNUSED_FUNCTION = YES;
				GCC_WARN_UNUSED_VARIABLE = YES;
				IPHONEOS_DEPLOYMENT_TARGET = 13.2;
				MTL_ENABLE_DEBUG_INFO = NO;
				MTL_FAST_MATH = YES;
				SDKROOT = iphoneos;
				SWIFT_COMPILATION_MODE = wholemodule;
				SWIFT_OPTIMIZATION_LEVEL = "-O";
				VALIDATE_PRODUCT = YES;
			};
			name = Release;
		};
		FAC89C332417595B000EA7C4 /* Debug */ = {
			isa = XCBuildConfiguration;
			baseConfigurationReference = A49A0F74D20547B2E36A9D7B /* Pods-Coca Cola Can Game.debug.xcconfig */;
			buildSettings = {
				ASSETCATALOG_COMPILER_APPICON_NAME = AppIcon;
				CODE_SIGN_STYLE = Automatic;
				DEVELOPMENT_TEAM = 5WUD63TLG7;
				INFOPLIST_FILE = "Coca Cola Can Game/Info.plist";
				LD_RUNPATH_SEARCH_PATHS = (
					"$(inherited)",
					"@executable_path/Frameworks",
				);
				PRODUCT_BUNDLE_IDENTIFIER = "bolattleubayev.dev.Coca-Cola-Can-Game";
				PRODUCT_NAME = "Coca-Cola Can Game";
				SWIFT_VERSION = 5.0;
				TARGETED_DEVICE_FAMILY = "1,2";
			};
			name = Debug;
		};
		FAC89C342417595B000EA7C4 /* Release */ = {
			isa = XCBuildConfiguration;
			baseConfigurationReference = B71D2D6787DAE7BA7D26DE28 /* Pods-Coca Cola Can Game.release.xcconfig */;
			buildSettings = {
				ASSETCATALOG_COMPILER_APPICON_NAME = AppIcon;
				CODE_SIGN_STYLE = Automatic;
				DEVELOPMENT_TEAM = 5WUD63TLG7;
				INFOPLIST_FILE = "Coca Cola Can Game/Info.plist";
				LD_RUNPATH_SEARCH_PATHS = (
					"$(inherited)",
					"@executable_path/Frameworks",
				);
				PRODUCT_BUNDLE_IDENTIFIER = "bolattleubayev.dev.Coca-Cola-Can-Game";
				PRODUCT_NAME = "Coca-Cola Can Game";
				SWIFT_VERSION = 5.0;
				TARGETED_DEVICE_FAMILY = "1,2";
			};
			name = Release;
		};
/* End XCBuildConfiguration section */

/* Begin XCConfigurationList section */
		FAC89C1924175957000EA7C4 /* Build configuration list for PBXProject "Coca Cola Can Game" */ = {
			isa = XCConfigurationList;
			buildConfigurations = (
				FAC89C302417595B000EA7C4 /* Debug */,
				FAC89C312417595B000EA7C4 /* Release */,
			);
			defaultConfigurationIsVisible = 0;
			defaultConfigurationName = Release;
		};
		FAC89C322417595B000EA7C4 /* Build configuration list for PBXNativeTarget "Coca Cola Can Game" */ = {
			isa = XCConfigurationList;
			buildConfigurations = (
				FAC89C332417595B000EA7C4 /* Debug */,
				FAC89C342417595B000EA7C4 /* Release */,
			);
			defaultConfigurationIsVisible = 0;
			defaultConfigurationName = Release;
		};
/* End XCConfigurationList section */
	};
	rootObject = FAC89C1624175957000EA7C4 /* Project object */;
}
